
Microsoft Visual Studio Solution File, Format Version 12.00
# Visual Studio Version 16
VisualStudioVersion = 16.0.30907.101
MinimumVisualStudioVersion = 10.0.40219.1
Project("{FAE04EC0-301F-11D3-BF4B-00C04F79EFBC}") = "Wirepas-ELA-Mesh-Sample", "Wirepas-ELA-Mesh-Sample.csproj", "{F6769E09-64FD-49F7-8E3B-3D410513BB37}"
EndProject
Global
	GlobalSection(SolutionConfigurationPlatforms) = preSolution
		Debug|Any CPU = Debug|Any CPU
		Release|Any CPU = Release|Any CPU
	EndGlobalSection
	GlobalSection(ProjectConfigurationPlatforms) = postSolution
		{F6769E09-64FD-49F7-8E3B-3D410513BB37}.Debug|Any CPU.ActiveCfg = Debug|Any CPU
		{F6769E09-64FD-49F7-8E3B-3D410513BB37}.Debug|Any CPU.Build.0 = Debug|Any CPU
		{F6769E09-64FD-49F7-8E3B-3D410513BB37}.Release|Any CPU.ActiveCfg = Release|Any CPU
		{F6769E09-64FD-49F7-8E3B-3D410513BB37}.Release|Any CPU.Build.0 = Release|Any CPU
	EndGlobalSection
	GlobalSection(SolutionProperties) = preSolution
		HideSolutionNode = FALSE
	EndGlobalSection
	GlobalSection(ExtensibilityGlobals) = postSolution
		SolutionGuid = {F897DC85-1CFA-4130-BF10-5EF0095D1267}
	EndGlobalSection
EndGlobal
